
Microsoft Visual Studio Solution File, Format Version 12.00
# Visual Studio Version 17
VisualStudioVersion = 17.2.32616.157
MinimumVisualStudioVersion = 10.0.40219.1
Project("{9A19103F-16F7-4668-BE54-9A1E7A4F7556}") = "Desafio.API", "Desafio.API\Desafio.API.csproj", "{D890D8F9-58BD-4ED2-816B-C611CF0B4EE0}"
EndProject
Project("{9A19103F-16F7-4668-BE54-9A1E7A4F7556}") = "Desafio", "Desafio\Desafio.csproj", "{B13EB3FA-F3AD-4056-8C21-C18D54C85FE9}"
EndProject
Global
	GlobalSection(SolutionConfigurationPlatforms) = preSolution
		Debug|Any CPU = Debug|Any CPU
		Release|Any CPU = Release|Any CPU
	EndGlobalSection
	GlobalSection(ProjectConfigurationPlatforms) = postSolution
		{D890D8F9-58BD-4ED2-816B-C611CF0B4EE0}.Debug|Any CPU.ActiveCfg = Debug|Any CPU
		{D890D8F9-58BD-4ED2-816B-C611CF0B4EE0}.Debug|Any CPU.Build.0 = Debug|Any CPU
		{D890D8F9-58BD-4ED2-816B-C611CF0B4EE0}.Release|Any CPU.ActiveCfg = Release|Any CPU
		{D890D8F9-58BD-4ED2-816B-C611CF0B4EE0}.Release|Any CPU.Build.0 = Release|Any CPU
		{B13EB3FA-F3AD-4056-8C21-C18D54C85FE9}.Debug|Any CPU.ActiveCfg = Debug|Any CPU
		{B13EB3FA-F3AD-4056-8C21-C18D54C85FE9}.Debug|Any CPU.Build.0 = Debug|Any CPU
		{B13EB3FA-F3AD-4056-8C21-C18D54C85FE9}.Release|Any CPU.ActiveCfg = Release|Any CPU
		{B13EB3FA-F3AD-4056-8C21-C18D54C85FE9}.Release|Any CPU.Build.0 = Release|Any CPU
	EndGlobalSection
	GlobalSection(SolutionProperties) = preSolution
		HideSolutionNode = FALSE
	EndGlobalSection
	GlobalSection(ExtensibilityGlobals) = postSolution
		SolutionGuid = {6B4052B9-76FC-4FC3-8BD1-3E503B9C36AA}
	EndGlobalSection
EndGlobal
