
Microsoft Visual Studio Solution File, Format Version 12.00
# Visual Studio Version 16
VisualStudioVersion = 16.0.31321.278
MinimumVisualStudioVersion = 10.0.40219.1
Project("{9A19103F-16F7-4668-BE54-9A1E7A4F7556}") = "SiagriPlaylistsChallenge", "SiagriPlaylistsChallenge\SiagriPlaylistsChallenge.csproj", "{AFC28F99-3F8B-4A23-8C3D-A6C8EE9CDD42}"
EndProject
Project("{9A19103F-16F7-4668-BE54-9A1E7A4F7556}") = "SiagriPlaylistsChallenge.Tests", "SiagriPlaylistsChallenge.Tests\SiagriPlaylistsChallenge.Tests.csproj", "{26829EA5-FA25-45F1-83D2-44BEDA85F5CD}"
	ProjectSection(ProjectDependencies) = postProject
		{AFC28F99-3F8B-4A23-8C3D-A6C8EE9CDD42} = {AFC28F99-3F8B-4A23-8C3D-A6C8EE9CDD42}
	EndProjectSection
EndProject
Global
	GlobalSection(SolutionConfigurationPlatforms) = preSolution
		Debug|Any CPU = Debug|Any CPU
		Release|Any CPU = Release|Any CPU
	EndGlobalSection
	GlobalSection(ProjectConfigurationPlatforms) = postSolution
		{AFC28F99-3F8B-4A23-8C3D-A6C8EE9CDD42}.Debug|Any CPU.ActiveCfg = Debug|Any CPU
		{AFC28F99-3F8B-4A23-8C3D-A6C8EE9CDD42}.Debug|Any CPU.Build.0 = Debug|Any CPU
		{AFC28F99-3F8B-4A23-8C3D-A6C8EE9CDD42}.Release|Any CPU.ActiveCfg = Release|Any CPU
		{AFC28F99-3F8B-4A23-8C3D-A6C8EE9CDD42}.Release|Any CPU.Build.0 = Release|Any CPU
		{26829EA5-FA25-45F1-83D2-44BEDA85F5CD}.Debug|Any CPU.ActiveCfg = Debug|Any CPU
		{26829EA5-FA25-45F1-83D2-44BEDA85F5CD}.Debug|Any CPU.Build.0 = Debug|Any CPU
		{26829EA5-FA25-45F1-83D2-44BEDA85F5CD}.Release|Any CPU.ActiveCfg = Release|Any CPU
		{26829EA5-FA25-45F1-83D2-44BEDA85F5CD}.Release|Any CPU.Build.0 = Release|Any CPU
	EndGlobalSection
	GlobalSection(SolutionProperties) = preSolution
		HideSolutionNode = FALSE
	EndGlobalSection
	GlobalSection(ExtensibilityGlobals) = postSolution
		SolutionGuid = {6BF02864-CC0D-4118-803A-957D588899A1}
	EndGlobalSection
EndGlobal
